
Microsoft Visual Studio Solution File, Format Version 12.00
# Visual Studio 15
VisualStudioVersion = 15.0.28307.329
MinimumVisualStudioVersion = 10.0.40219.1
Project("{8BC9CEB8-8B4A-11D0-8D11-00A0C91BC942}") = "Priority Queue", "Priority Queue\Priority Queue.vcxproj", "{CE78EAB3-CA07-4CCD-B06D-8A08D842F95C}"
EndProject
Global
	GlobalSection(SolutionConfigurationPlatforms) = preSolution
		Debug|x64 = Debug|x64
		Debug|x86 = Debug|x86
		Release|x64 = Release|x64
		Release|x86 = Release|x86
	EndGlobalSection
	GlobalSection(ProjectConfigurationPlatforms) = postSolution
		{CE78EAB3-CA07-4CCD-B06D-8A08D842F95C}.Debug|x64.ActiveCfg = Debug|x64
		{CE78EAB3-CA07-4CCD-B06D-8A08D842F95C}.Debug|x64.Build.0 = Debug|x64
		{CE78EAB3-CA07-4CCD-B06D-8A08D842F95C}.Debug|x86.ActiveCfg = Debug|Win32
		{CE78EAB3-CA07-4CCD-B06D-8A08D842F95C}.Debug|x86.Build.0 = Debug|Win32
		{CE78EAB3-CA07-4CCD-B06D-8A08D842F95C}.Release|x64.ActiveCfg = Release|x64
		{CE78EAB3-CA07-4CCD-B06D-8A08D842F95C}.Release|x64.Build.0 = Release|x64
		{CE78EAB3-CA07-4CCD-B06D-8A08D842F95C}.Release|x86.ActiveCfg = Release|Win32
		{CE78EAB3-CA07-4CCD-B06D-8A08D842F95C}.Release|x86.Build.0 = Release|Win32
	EndGlobalSection
	GlobalSection(SolutionProperties) = preSolution
		HideSolutionNode = FALSE
	EndGlobalSection
	GlobalSection(ExtensibilityGlobals) = postSolution
		SolutionGuid = {2623A47F-C001-44A0-89DD-27789B0964D3}
	EndGlobalSection
EndGlobal
