
Microsoft Visual Studio Solution File, Format Version 12.00
# Visual Studio 15
VisualStudioVersion = 15.0.28307.1022
MinimumVisualStudioVersion = 10.0.40219.1
Project("{8BC9CEB8-8B4A-11D0-8D11-00A0C91BC942}") = "TreeJaetech_Sol", "TreeJaetech_Sol\TreeJaetech_Sol.vcxproj", "{CAFF1EB3-B81B-4CCB-8DF2-1CC0E872BC52}"
EndProject
Global
	GlobalSection(SolutionConfigurationPlatforms) = preSolution
		Debug|x64 = Debug|x64
		Debug|x86 = Debug|x86
		Release|x64 = Release|x64
		Release|x86 = Release|x86
	EndGlobalSection
	GlobalSection(ProjectConfigurationPlatforms) = postSolution
		{CAFF1EB3-B81B-4CCB-8DF2-1CC0E872BC52}.Debug|x64.ActiveCfg = Debug|x64
		{CAFF1EB3-B81B-4CCB-8DF2-1CC0E872BC52}.Debug|x64.Build.0 = Debug|x64
		{CAFF1EB3-B81B-4CCB-8DF2-1CC0E872BC52}.Debug|x86.ActiveCfg = Debug|Win32
		{CAFF1EB3-B81B-4CCB-8DF2-1CC0E872BC52}.Debug|x86.Build.0 = Debug|Win32
		{CAFF1EB3-B81B-4CCB-8DF2-1CC0E872BC52}.Release|x64.ActiveCfg = Release|x64
		{CAFF1EB3-B81B-4CCB-8DF2-1CC0E872BC52}.Release|x64.Build.0 = Release|x64
		{CAFF1EB3-B81B-4CCB-8DF2-1CC0E872BC52}.Release|x86.ActiveCfg = Release|Win32
		{CAFF1EB3-B81B-4CCB-8DF2-1CC0E872BC52}.Release|x86.Build.0 = Release|Win32
	EndGlobalSection
	GlobalSection(SolutionProperties) = preSolution
		HideSolutionNode = FALSE
	EndGlobalSection
	GlobalSection(ExtensibilityGlobals) = postSolution
		SolutionGuid = {F2A38080-1E45-4250-8442-F1652233D46D}
	EndGlobalSection
EndGlobal
