
Microsoft Visual Studio Solution File, Format Version 12.00
# Visual Studio 15
VisualStudioVersion = 15.0.28307.329
MinimumVisualStudioVersion = 10.0.40219.1
Project("{8BC9CEB8-8B4A-11D0-8D11-00A0C91BC942}") = "test5", "test5\test5.vcxproj", "{F071468E-7DFF-4FB8-A77F-3366288D2B41}"
EndProject
Global
	GlobalSection(SolutionConfigurationPlatforms) = preSolution
		Debug|x64 = Debug|x64
		Debug|x86 = Debug|x86
		Release|x64 = Release|x64
		Release|x86 = Release|x86
	EndGlobalSection
	GlobalSection(ProjectConfigurationPlatforms) = postSolution
		{F071468E-7DFF-4FB8-A77F-3366288D2B41}.Debug|x64.ActiveCfg = Debug|x64
		{F071468E-7DFF-4FB8-A77F-3366288D2B41}.Debug|x64.Build.0 = Debug|x64
		{F071468E-7DFF-4FB8-A77F-3366288D2B41}.Debug|x86.ActiveCfg = Debug|Win32
		{F071468E-7DFF-4FB8-A77F-3366288D2B41}.Debug|x86.Build.0 = Debug|Win32
		{F071468E-7DFF-4FB8-A77F-3366288D2B41}.Release|x64.ActiveCfg = Release|x64
		{F071468E-7DFF-4FB8-A77F-3366288D2B41}.Release|x64.Build.0 = Release|x64
		{F071468E-7DFF-4FB8-A77F-3366288D2B41}.Release|x86.ActiveCfg = Release|Win32
		{F071468E-7DFF-4FB8-A77F-3366288D2B41}.Release|x86.Build.0 = Release|Win32
	EndGlobalSection
	GlobalSection(SolutionProperties) = preSolution
		HideSolutionNode = FALSE
	EndGlobalSection
	GlobalSection(ExtensibilityGlobals) = postSolution
		SolutionGuid = {C0811D22-372B-48A5-A4E5-FA77A2CDCCB2}
	EndGlobalSection
EndGlobal
