
Microsoft Visual Studio Solution File, Format Version 12.00
# Visual Studio 15
VisualStudioVersion = 15.0.28307.329
MinimumVisualStudioVersion = 10.0.40219.1
Project("{8BC9CEB8-8B4A-11D0-8D11-00A0C91BC942}") = "test10", "test10\test10.vcxproj", "{D4BA9D46-2A7C-47C4-BE9B-9D8594FB5455}"
EndProject
Global
	GlobalSection(SolutionConfigurationPlatforms) = preSolution
		Debug|x64 = Debug|x64
		Debug|x86 = Debug|x86
		Release|x64 = Release|x64
		Release|x86 = Release|x86
	EndGlobalSection
	GlobalSection(ProjectConfigurationPlatforms) = postSolution
		{D4BA9D46-2A7C-47C4-BE9B-9D8594FB5455}.Debug|x64.ActiveCfg = Debug|x64
		{D4BA9D46-2A7C-47C4-BE9B-9D8594FB5455}.Debug|x64.Build.0 = Debug|x64
		{D4BA9D46-2A7C-47C4-BE9B-9D8594FB5455}.Debug|x86.ActiveCfg = Debug|Win32
		{D4BA9D46-2A7C-47C4-BE9B-9D8594FB5455}.Debug|x86.Build.0 = Debug|Win32
		{D4BA9D46-2A7C-47C4-BE9B-9D8594FB5455}.Release|x64.ActiveCfg = Release|x64
		{D4BA9D46-2A7C-47C4-BE9B-9D8594FB5455}.Release|x64.Build.0 = Release|x64
		{D4BA9D46-2A7C-47C4-BE9B-9D8594FB5455}.Release|x86.ActiveCfg = Release|Win32
		{D4BA9D46-2A7C-47C4-BE9B-9D8594FB5455}.Release|x86.Build.0 = Release|Win32
	EndGlobalSection
	GlobalSection(SolutionProperties) = preSolution
		HideSolutionNode = FALSE
	EndGlobalSection
	GlobalSection(ExtensibilityGlobals) = postSolution
		SolutionGuid = {E6063662-F453-4046-B36C-00FB1CE19347}
	EndGlobalSection
EndGlobal
