
Microsoft Visual Studio Solution File, Format Version 12.00
# Visual Studio 15
VisualStudioVersion = 15.0.28307.1022
MinimumVisualStudioVersion = 10.0.40219.1
Project("{8BC9CEB8-8B4A-11D0-8D11-00A0C91BC942}") = "Zero", "Zero\Zero.vcxproj", "{02815558-CF30-40C1-ADF8-49D48685E1B3}"
EndProject
Global
	GlobalSection(SolutionConfigurationPlatforms) = preSolution
		Debug|x64 = Debug|x64
		Debug|x86 = Debug|x86
		Release|x64 = Release|x64
		Release|x86 = Release|x86
	EndGlobalSection
	GlobalSection(ProjectConfigurationPlatforms) = postSolution
		{02815558-CF30-40C1-ADF8-49D48685E1B3}.Debug|x64.ActiveCfg = Debug|x64
		{02815558-CF30-40C1-ADF8-49D48685E1B3}.Debug|x64.Build.0 = Debug|x64
		{02815558-CF30-40C1-ADF8-49D48685E1B3}.Debug|x86.ActiveCfg = Debug|Win32
		{02815558-CF30-40C1-ADF8-49D48685E1B3}.Debug|x86.Build.0 = Debug|Win32
		{02815558-CF30-40C1-ADF8-49D48685E1B3}.Release|x64.ActiveCfg = Release|x64
		{02815558-CF30-40C1-ADF8-49D48685E1B3}.Release|x64.Build.0 = Release|x64
		{02815558-CF30-40C1-ADF8-49D48685E1B3}.Release|x86.ActiveCfg = Release|Win32
		{02815558-CF30-40C1-ADF8-49D48685E1B3}.Release|x86.Build.0 = Release|Win32
	EndGlobalSection
	GlobalSection(SolutionProperties) = preSolution
		HideSolutionNode = FALSE
	EndGlobalSection
	GlobalSection(ExtensibilityGlobals) = postSolution
		SolutionGuid = {24AB9E5E-6349-4755-BFEA-43EF68F85020}
	EndGlobalSection
EndGlobal
