
Microsoft Visual Studio Solution File, Format Version 12.00
# Visual Studio 15
VisualStudioVersion = 15.0.28307.1022
MinimumVisualStudioVersion = 10.0.40219.1
Project("{8BC9CEB8-8B4A-11D0-8D11-00A0C91BC942}") = "Gear", "Gear\Gear.vcxproj", "{917CA9B7-8373-4DC9-B39F-2063EE1865BB}"
EndProject
Global
	GlobalSection(SolutionConfigurationPlatforms) = preSolution
		Debug|x64 = Debug|x64
		Debug|x86 = Debug|x86
		Release|x64 = Release|x64
		Release|x86 = Release|x86
	EndGlobalSection
	GlobalSection(ProjectConfigurationPlatforms) = postSolution
		{917CA9B7-8373-4DC9-B39F-2063EE1865BB}.Debug|x64.ActiveCfg = Debug|x64
		{917CA9B7-8373-4DC9-B39F-2063EE1865BB}.Debug|x64.Build.0 = Debug|x64
		{917CA9B7-8373-4DC9-B39F-2063EE1865BB}.Debug|x86.ActiveCfg = Debug|Win32
		{917CA9B7-8373-4DC9-B39F-2063EE1865BB}.Debug|x86.Build.0 = Debug|Win32
		{917CA9B7-8373-4DC9-B39F-2063EE1865BB}.Release|x64.ActiveCfg = Release|x64
		{917CA9B7-8373-4DC9-B39F-2063EE1865BB}.Release|x64.Build.0 = Release|x64
		{917CA9B7-8373-4DC9-B39F-2063EE1865BB}.Release|x86.ActiveCfg = Release|Win32
		{917CA9B7-8373-4DC9-B39F-2063EE1865BB}.Release|x86.Build.0 = Release|Win32
	EndGlobalSection
	GlobalSection(SolutionProperties) = preSolution
		HideSolutionNode = FALSE
	EndGlobalSection
	GlobalSection(ExtensibilityGlobals) = postSolution
		SolutionGuid = {57FE4329-8327-425B-AB24-016E5C6FEBDE}
	EndGlobalSection
EndGlobal
