
Microsoft Visual Studio Solution File, Format Version 12.00
# Visual Studio 15
VisualStudioVersion = 15.0.28307.329
MinimumVisualStudioVersion = 10.0.40219.1
Project("{8BC9CEB8-8B4A-11D0-8D11-00A0C91BC942}") = "graph", "graph\graph.vcxproj", "{AF10A4F2-685B-4CD4-9301-260EBD6CD491}"
EndProject
Global
	GlobalSection(SolutionConfigurationPlatforms) = preSolution
		Debug|x64 = Debug|x64
		Debug|x86 = Debug|x86
		Release|x64 = Release|x64
		Release|x86 = Release|x86
	EndGlobalSection
	GlobalSection(ProjectConfigurationPlatforms) = postSolution
		{AF10A4F2-685B-4CD4-9301-260EBD6CD491}.Debug|x64.ActiveCfg = Debug|x64
		{AF10A4F2-685B-4CD4-9301-260EBD6CD491}.Debug|x64.Build.0 = Debug|x64
		{AF10A4F2-685B-4CD4-9301-260EBD6CD491}.Debug|x86.ActiveCfg = Debug|Win32
		{AF10A4F2-685B-4CD4-9301-260EBD6CD491}.Debug|x86.Build.0 = Debug|Win32
		{AF10A4F2-685B-4CD4-9301-260EBD6CD491}.Release|x64.ActiveCfg = Release|x64
		{AF10A4F2-685B-4CD4-9301-260EBD6CD491}.Release|x64.Build.0 = Release|x64
		{AF10A4F2-685B-4CD4-9301-260EBD6CD491}.Release|x86.ActiveCfg = Release|Win32
		{AF10A4F2-685B-4CD4-9301-260EBD6CD491}.Release|x86.Build.0 = Release|Win32
	EndGlobalSection
	GlobalSection(SolutionProperties) = preSolution
		HideSolutionNode = FALSE
	EndGlobalSection
	GlobalSection(ExtensibilityGlobals) = postSolution
		SolutionGuid = {4B34E8CC-BA44-4324-A5BE-562C348BE4DC}
	EndGlobalSection
EndGlobal
