
Microsoft Visual Studio Solution File, Format Version 12.00
# Visual Studio 15
VisualStudioVersion = 15.0.28307.1022
MinimumVisualStudioVersion = 10.0.40219.1
Project("{8BC9CEB8-8B4A-11D0-8D11-00A0C91BC942}") = "Tomato_3D", "Tomato_3D\Tomato_3D.vcxproj", "{2BF34FF4-9505-495B-BE07-6E76D9741FCA}"
EndProject
Global
	GlobalSection(SolutionConfigurationPlatforms) = preSolution
		Debug|x64 = Debug|x64
		Debug|x86 = Debug|x86
		Release|x64 = Release|x64
		Release|x86 = Release|x86
	EndGlobalSection
	GlobalSection(ProjectConfigurationPlatforms) = postSolution
		{2BF34FF4-9505-495B-BE07-6E76D9741FCA}.Debug|x64.ActiveCfg = Debug|x64
		{2BF34FF4-9505-495B-BE07-6E76D9741FCA}.Debug|x64.Build.0 = Debug|x64
		{2BF34FF4-9505-495B-BE07-6E76D9741FCA}.Debug|x86.ActiveCfg = Debug|Win32
		{2BF34FF4-9505-495B-BE07-6E76D9741FCA}.Debug|x86.Build.0 = Debug|Win32
		{2BF34FF4-9505-495B-BE07-6E76D9741FCA}.Release|x64.ActiveCfg = Release|x64
		{2BF34FF4-9505-495B-BE07-6E76D9741FCA}.Release|x64.Build.0 = Release|x64
		{2BF34FF4-9505-495B-BE07-6E76D9741FCA}.Release|x86.ActiveCfg = Release|Win32
		{2BF34FF4-9505-495B-BE07-6E76D9741FCA}.Release|x86.Build.0 = Release|Win32
	EndGlobalSection
	GlobalSection(SolutionProperties) = preSolution
		HideSolutionNode = FALSE
	EndGlobalSection
	GlobalSection(ExtensibilityGlobals) = postSolution
		SolutionGuid = {BD5660CB-7603-4BCD-95E9-1F9BF7EBEB8F}
	EndGlobalSection
EndGlobal
