
Microsoft Visual Studio Solution File, Format Version 12.00
# Visual Studio 15
VisualStudioVersion = 15.0.28307.1022
MinimumVisualStudioVersion = 10.0.40219.1
Project("{8BC9CEB8-8B4A-11D0-8D11-00A0C91BC942}") = "Project4", "Project4\Project4.vcxproj", "{AB59C06E-0A57-4CBC-ADE3-319219C173C3}"
EndProject
Global
	GlobalSection(SolutionConfigurationPlatforms) = preSolution
		Debug|x64 = Debug|x64
		Debug|x86 = Debug|x86
		Release|x64 = Release|x64
		Release|x86 = Release|x86
	EndGlobalSection
	GlobalSection(ProjectConfigurationPlatforms) = postSolution
		{AB59C06E-0A57-4CBC-ADE3-319219C173C3}.Debug|x64.ActiveCfg = Debug|x64
		{AB59C06E-0A57-4CBC-ADE3-319219C173C3}.Debug|x64.Build.0 = Debug|x64
		{AB59C06E-0A57-4CBC-ADE3-319219C173C3}.Debug|x86.ActiveCfg = Debug|Win32
		{AB59C06E-0A57-4CBC-ADE3-319219C173C3}.Debug|x86.Build.0 = Debug|Win32
		{AB59C06E-0A57-4CBC-ADE3-319219C173C3}.Release|x64.ActiveCfg = Release|x64
		{AB59C06E-0A57-4CBC-ADE3-319219C173C3}.Release|x64.Build.0 = Release|x64
		{AB59C06E-0A57-4CBC-ADE3-319219C173C3}.Release|x86.ActiveCfg = Release|Win32
		{AB59C06E-0A57-4CBC-ADE3-319219C173C3}.Release|x86.Build.0 = Release|Win32
	EndGlobalSection
	GlobalSection(SolutionProperties) = preSolution
		HideSolutionNode = FALSE
	EndGlobalSection
	GlobalSection(ExtensibilityGlobals) = postSolution
		SolutionGuid = {ABED0622-0DF8-4AF1-90A1-F5400D22A93F}
	EndGlobalSection
EndGlobal
